
Microsoft Visual Studio Solution File, Format Version 12.00
# Visual Studio Version 16
VisualStudioVersion = 16.0.29728.190
MinimumVisualStudioVersion = 10.0.40219.1
Project("{FAE04EC0-301F-11D3-BF4B-00C04F79EFBC}") = "ImagePro", "ImagePro\ImagePro.csproj", "{A64683F8-CC09-4826-B2FB-18E5C5031EE8}"
EndProject
Global
	GlobalSection(SolutionConfigurationPlatforms) = preSolution
		Debug|Any CPU = Debug|Any CPU
		Release|Any CPU = Release|Any CPU
	EndGlobalSection
	GlobalSection(ProjectConfigurationPlatforms) = postSolution
		{A64683F8-CC09-4826-B2FB-18E5C5031EE8}.Debug|Any CPU.ActiveCfg = Debug|Any CPU
		{A64683F8-CC09-4826-B2FB-18E5C5031EE8}.Debug|Any CPU.Build.0 = Debug|Any CPU
		{A64683F8-CC09-4826-B2FB-18E5C5031EE8}.Release|Any CPU.ActiveCfg = Release|Any CPU
		{A64683F8-CC09-4826-B2FB-18E5C5031EE8}.Release|Any CPU.Build.0 = Release|Any CPU
	EndGlobalSection
	GlobalSection(SolutionProperties) = preSolution
		HideSolutionNode = FALSE
	EndGlobalSection
	GlobalSection(ExtensibilityGlobals) = postSolution
		SolutionGuid = {17C909C4-AC77-494D-92DB-F012B0A73D06}
	EndGlobalSection
EndGlobal
